
Microsoft Visual Studio Solution File, Format Version 12.00
# Visual Studio 15
VisualStudioVersion = 15.0.26430.15
MinimumVisualStudioVersion = 10.0.40219.1
Project("{9A19103F-16F7-4668-BE54-9A1E7A4F7556}") = "MiX.Identity.Client", "MiX.Identity.Client\MiX.Identity.Client.csproj", "{3DB793F4-1CB6-4660-9F02-C39E638D1E24}"
EndProject
Project("{2150E333-8FDC-42A3-9474-1A3956D46DE8}") = ".nuget", ".nuget", "{0C448EB0-7CA3-4AD1-AB36-5723445AD4A4}"
	ProjectSection(SolutionItems) = preProject
		.nuget\nuget.config = .nuget\nuget.config
	EndProjectSection
EndProject
Global
	GlobalSection(SolutionConfigurationPlatforms) = preSolution
		Debug|Any CPU = Debug|Any CPU
		Release|Any CPU = Release|Any CPU
	EndGlobalSection
	GlobalSection(ProjectConfigurationPlatforms) = postSolution
		{3DB793F4-1CB6-4660-9F02-C39E638D1E24}.Debug|Any CPU.ActiveCfg = Debug|Any CPU
		{3DB793F4-1CB6-4660-9F02-C39E638D1E24}.Debug|Any CPU.Build.0 = Debug|Any CPU
		{3DB793F4-1CB6-4660-9F02-C39E638D1E24}.Release|Any CPU.ActiveCfg = Release|Any CPU
		{3DB793F4-1CB6-4660-9F02-C39E638D1E24}.Release|Any CPU.Build.0 = Release|Any CPU
	EndGlobalSection
	GlobalSection(SolutionProperties) = preSolution
		HideSolutionNode = FALSE
	EndGlobalSection
EndGlobal
